// !$*UTF8*$!
{
	archiveVersion = 1;
	classes = {
	};
	objectVersion = 55;
	objects = {

/* Begin PBXBuildFile section */
		DAAB1B6E27547A3D00D2495F /* AppDelegate.swift in Sources */ = {isa = PBXBuildFile; fileRef = DAAB1B6D27547A3D00D2495F /* AppDelegate.swift */; };
		DAAB1B7227547A4000D2495F /* Assets.xcassets in Resources */ = {isa = PBXBuildFile; fileRef = DAAB1B7127547A4000D2495F /* Assets.xcassets */; };
		DAAB1B7D27547A6300D2495F /* Generator.swift in Sources */ = {isa = PBXBuildFile; fileRef = DAAB1B7C27547A6300D2495F /* Generator.swift */; };
		DAAB1B7F275486D600D2495F /* StatusbarController.swift in Sources */ = {isa = PBXBuildFile; fileRef = DAAB1B7E275486D600D2495F /* StatusbarController.swift */; };
		DAAB1B8227548A7C00D2495F /* main.swift in Sources */ = {isa = PBXBuildFile; fileRef = DAAB1B8127548A7C00D2495F /* main.swift */; };
		DAAB1B8427548FAE00D2495F /* FileSystem.swift in Sources */ = {isa = PBXBuildFile; fileRef = DAAB1B8327548FAE00D2495F /* FileSystem.swift */; };
/* End PBXBuildFile section */

/* Begin PBXFileReference section */
		DAAB1B6A27547A3D00D2495F /* Kabegami.app */ = {isa = PBXFileReference; explicitFileType = wrapper.application; includeInIndex = 0; path = Kabegami.app; sourceTree = BUILT_PRODUCTS_DIR; };
		DAAB1B6D27547A3D00D2495F /* AppDelegate.swift */ = {isa = PBXFileReference; lastKnownFileType = sourcecode.swift; path = AppDelegate.swift; sourceTree = "<group>"; };
		DAAB1B7127547A4000D2495F /* Assets.xcassets */ = {isa = PBXFileReference; lastKnownFileType = folder.assetcatalog; path = Assets.xcassets; sourceTree = "<group>"; };
		DAAB1B7627547A4000D2495F /* Kabegami.entitlements */ = {isa = PBXFileReference; lastKnownFileType = text.plist.entitlements; path = Kabegami.entitlements; sourceTree = "<group>"; };
		DAAB1B7C27547A6300D2495F /* Generator.swift */ = {isa = PBXFileReference; lastKnownFileType = sourcecode.swift; path = Generator.swift; sourceTree = "<group>"; };
		DAAB1B7E275486D600D2495F /* StatusbarController.swift */ = {isa = PBXFileReference; lastKnownFileType = sourcecode.swift; path = StatusbarController.swift; sourceTree = "<group>"; };
		DAAB1B802754882A00D2495F /* Info.plist */ = {isa = PBXFileReference; lastKnownFileType = text.plist; path = Info.plist; sourceTree = "<group>"; };
		DAAB1B8127548A7C00D2495F /* main.swift */ = {isa = PBXFileReference; lastKnownFileType = sourcecode.swift; path = main.swift; sourceTree = "<group>"; };
		DAAB1B8327548FAE00D2495F /* FileSystem.swift */ = {isa = PBXFileReference; lastKnownFileType = sourcecode.swift; path = FileSystem.swift; sourceTree = "<group>"; };
/* End PBXFileReference section */

/* Begin PBXFrameworksBuildPhase section */
		DAAB1B6727547A3D00D2495F /* Frameworks */ = {
			isa = PBXFrameworksBuildPhase;
			buildActionMask = 2147483647;
			files = (
			);
			runOnlyForDeploymentPostprocessing = 0;
		};
/* End PBXFrameworksBuildPhase section */

/* Begin PBXGroup section */
		DAAB1B6127547A3D00D2495F = {
			isa = PBXGroup;
			children = (
				DAAB1B6C27547A3D00D2495F /* Kabegami */,
				DAAB1B6B27547A3D00D2495F /* Products */,
			);
			sourceTree = "<group>";
		};
		DAAB1B6B27547A3D00D2495F /* Products */ = {
			isa = PBXGroup;
			children = (
				DAAB1B6A27547A3D00D2495F /* Kabegami.app */,
			);
			name = Products;
			sourceTree = "<group>";
		};
		DAAB1B6C27547A3D00D2495F /* Kabegami */ = {
			isa = PBXGroup;
			children = (
				DAAB1B7E275486D600D2495F /* StatusbarController.swift */,
				DAAB1B802754882A00D2495F /* Info.plist */,
				DAAB1B6D27547A3D00D2495F /* AppDelegate.swift */,
				DAAB1B7127547A4000D2495F /* Assets.xcassets */,
				DAAB1B7627547A4000D2495F /* Kabegami.entitlements */,
				DAAB1B7C27547A6300D2495F /* Generator.swift */,
				DAAB1B8127548A7C00D2495F /* main.swift */,
				DAAB1B8327548FAE00D2495F /* FileSystem.swift */,
			);
			path = Kabegami;
			sourceTree = "<group>";
		};
/* End PBXGroup section */

/* Begin PBXNativeTarget section */
		DAAB1B6927547A3D00D2495F /* Kabegami */ = {
			isa = PBXNativeTarget;
			buildConfigurationList = DAAB1B7927547A4000D2495F /* Build configuration list for PBXNativeTarget "Kabegami" */;
			buildPhases = (
				DAAB1B6627547A3D00D2495F /* Sources */,
				DAAB1B6727547A3D00D2495F /* Frameworks */,
				DAAB1B6827547A3D00D2495F /* Resources */,
			);
			buildRules = (
			);
			dependencies = (
			);
			name = Kabegami;
			productName = Kabegami;
			productReference = DAAB1B6A27547A3D00D2495F /* Kabegami.app */;
			productType = "com.apple.product-type.application";
		};
/* End PBXNativeTarget section */

/* Begin PBXProject section */
		DAAB1B6227547A3D00D2495F /* Project object */ = {
			isa = PBXProject;
			attributes = {
				BuildIndependentTargetsInParallel = 1;
				LastSwiftUpdateCheck = 1310;
				LastUpgradeCheck = 1310;
				TargetAttributes = {
					DAAB1B6927547A3D00D2495F = {
						CreatedOnToolsVersion = 13.1;
					};
				};
			};
			buildConfigurationList = DAAB1B6527547A3D00D2495F /* Build configuration list for PBXProject "Kabegami" */;
			compatibilityVersion = "Xcode 13.0";
			developmentRegion = en;
			hasScannedForEncodings = 0;
			knownRegions = (
				en,
				Base,
			);
			mainGroup = DAAB1B6127547A3D00D2495F;
			productRefGroup = DAAB1B6B27547A3D00D2495F /* Products */;
			projectDirPath = "";
			projectRoot = "";
			targets = (
				DAAB1B6927547A3D00D2495F /* Kabegami */,
			);
		};
/* End PBXProject section */

/* Begin PBXResourcesBuildPhase section */
		DAAB1B6827547A3D00D2495F /* Resources */ = {
			isa = PBXResourcesBuildPhase;
			buildActionMask = 2147483647;
			files = (
				DAAB1B7227547A4000D2495F /* Assets.xcassets in Resources */,
			);
			runOnlyForDeploymentPostprocessing = 0;
		};
/* End PBXResourcesBuildPhase section */

/* Begin PBXSourcesBuildPhase section */
		DAAB1B6627547A3D00D2495F /* Sources */ = {
			isa = PBXSourcesBuildPhase;
			buildActionMask = 2147483647;
			files = (
				DAAB1B7D27547A6300D2495F /* Generator.swift in Sources */,
				DAAB1B8227548A7C00D2495F /* main.swift in Sources */,
				DAAB1B7F275486D600D2495F /* StatusbarController.swift in Sources */,
				DAAB1B8427548FAE00D2495F /* FileSystem.swift in Sources */,
				DAAB1B6E27547A3D00D2495F /* AppDelegate.swift in Sources */,
			);
			runOnlyForDeploymentPostprocessing = 0;
		};
/* End PBXSourcesBuildPhase section */

/* Begin XCBuildConfiguration section */
		DAAB1B7727547A4000D2495F /* Debug */ = {
			isa = XCBuildConfiguration;
			buildSettings = {
				ALWAYS_SEARCH_USER_PATHS = NO;
				CLANG_ANALYZER_NONNULL = YES;
				CLANG_ANALYZER_NUMBER_OBJECT_CONVERSION = YES_AGGRESSIVE;
				CLANG_CXX_LANGUAGE_STANDARD = "gnu++17";
				CLANG_CXX_LIBRARY = "libc++";
				CLANG_ENABLE_MODULES = YES;
				CLANG_ENABLE_OBJC_ARC = YES;
				CLANG_ENABLE_OBJC_WEAK = YES;
				CLANG_WARN_BLOCK_CAPTURE_AUTORELEASING = YES;
				CLANG_WARN_BOOL_CONVERSION = YES;
				CLANG_WARN_COMMA = YES;
				CLANG_WARN_CONSTANT_CONVERSION = YES;
				CLANG_WARN_DEPRECATED_OBJC_IMPLEMENTATIONS = YES;
				CLANG_WARN_DIRECT_OBJC_ISA_USAGE = YES_ERROR;
				CLANG_WARN_DOCUMENTATION_COMMENTS = YES;
				CLANG_WARN_EMPTY_BODY = YES;
				CLANG_WARN_ENUM_CONVERSION = YES;
				CLANG_WARN_INFINITE_RECURSION = YES;
				CLANG_WARN_INT_CONVERSION = YES;
				CLANG_WARN_NON_LITERAL_NULL_CONVERSION = YES;
				CLANG_WARN_OBJC_IMPLICIT_RETAIN_SELF = YES;
				CLANG_WARN_OBJC_LITERAL_CONVERSION = YES;
				CLANG_WARN_OBJC_ROOT_CLASS = YES_ERROR;
				CLANG_WARN_QUOTED_INCLUDE_IN_FRAMEWORK_HEADER = YES;
				CLANG_WARN_RANGE_LOOP_ANALYSIS = YES;
				CLANG_WARN_STRICT_PROTOTYPES = YES;
				CLANG_WARN_SUSPICIOUS_MOVE = YES;
				CLANG_WARN_UNGUARDED_AVAILABILITY = YES_AGGRESSIVE;
				CLANG_WARN_UNREACHABLE_CODE = YES;
				CLANG_WARN__DUPLICATE_METHOD_MATCH = YES;
				COPY_PHASE_STRIP = NO;
				DEBUG_INFORMATION_FORMAT = dwarf;
				ENABLE_STRICT_OBJC_MSGSEND = YES;
				ENABLE_TESTABILITY = YES;
				GCC_C_LANGUAGE_STANDARD = gnu11;
				GCC_DYNAMIC_NO_PIC = NO;
				GCC_NO_COMMON_BLOCKS = YES;
				GCC_OPTIMIZATION_LEVEL = 0;
				GCC_PREPROCESSOR_DEFINITIONS = (
					"DEBUG=1",
					"$(inherited)",
				);
				GCC_WARN_64_TO_32_BIT_CONVERSION = YES;
				GCC_WARN_ABOUT_RETURN_TYPE = YES_ERROR;
				GCC_WARN_UNDECLARED_SELECTOR = YES;
				GCC_WARN_UNINITIALIZED_AUTOS = YES_AGGRESSIVE;
				GCC_WARN_UNUSED_FUNCTION = YES;
				GCC_WARN_UNUSED_VARIABLE = YES;
				MACOSX_DEPLOYMENT_TARGET = 11.6;
				MTL_ENABLE_DEBUG_INFO = INCLUDE_SOURCE;
				MTL_FAST_MATH = YES;
				ONLY_ACTIVE_ARCH = YES;
				SDKROOT = macosx;
				SWIFT_ACTIVE_COMPILATION_CONDITIONS = DEBUG;
				SWIFT_OPTIMIZATION_LEVEL = "-Onone";
			};
			name = Debug;
		};
		DAAB1B7827547A4000D2495F /* Release */ = {
			isa = XCBuildConfiguration;
			buildSettings = {
				ALWAYS_SEARCH_USER_PATHS = NO;
				CLANG_ANALYZER_NONNULL = YES;
				CLANG_ANALYZER_NUMBER_OBJECT_CONVERSION = YES_AGGRESSIVE;
				CLANG_CXX_LANGUAGE_STANDARD = "gnu++17";
				CLANG_CXX_LIBRARY = "libc++";
				CLANG_ENABLE_MODULES = YES;
				CLANG_ENABLE_OBJC_ARC = YES;
				CLANG_ENABLE_OBJC_WEAK = YES;
				CLANG_WARN_BLOCK_CAPTURE_AUTORELEASING = YES;
				CLANG_WARN_BOOL_CONVERSION = YES;
				CLANG_WARN_COMMA = YES;
				CLANG_WARN_CONSTANT_CONVERSION = YES;
				CLANG_WARN_DEPRECATED_OBJC_IMPLEMENTATIONS = YES;
				CLANG_WARN_DIRECT_OBJC_ISA_USAGE = YES_ERROR;
				CLANG_WARN_DOCUMENTATION_COMMENTS = YES;
				CLANG_WARN_EMPTY_BODY = YES;
				CLANG_WARN_ENUM_CONVERSION = YES;
				CLANG_WARN_INFINITE_RECURSION = YES;
				CLANG_WARN_INT_CONVERSION = YES;
				CLANG_WARN_NON_LITERAL_NULL_CONVERSION = YES;
				CLANG_WARN_OBJC_IMPLICIT_RETAIN_SELF = YES;
				CLANG_WARN_OBJC_LITERAL_CONVERSION = YES;
				CLANG_WARN_OBJC_ROOT_CLASS = YES_ERROR;
				CLANG_WARN_QUOTED_INCLUDE_IN_FRAMEWORK_HEADER = YES;
				CLANG_WARN_RANGE_LOOP_ANALYSIS = YES;
				CLANG_WARN_STRICT_PROTOTYPES = YES;
				CLANG_WARN_SUSPICIOUS_MOVE = YES;
				CLANG_WARN_UNGUARDED_AVAILABILITY = YES_AGGRESSIVE;
				CLANG_WARN_UNREACHABLE_CODE = YES;
				CLANG_WARN__DUPLICATE_METHOD_MATCH = YES;
				COPY_PHASE_STRIP = NO;
				DEBUG_INFORMATION_FORMAT = "dwarf-with-dsym";
				ENABLE_NS_ASSERTIONS = NO;
				ENABLE_STRICT_OBJC_MSGSEND = YES;
				GCC_C_LANGUAGE_STANDARD = gnu11;
				GCC_NO_COMMON_BLOCKS = YES;
				GCC_WARN_64_TO_32_BIT_CONVERSION = YES;
				GCC_WARN_ABOUT_RETURN_TYPE = YES_ERROR;
				GCC_WARN_UNDECLARED_SELECTOR = YES;
				GCC_WARN_UNINITIALIZED_AUTOS = YES_AGGRESSIVE;
				GCC_WARN_UNUSED_FUNCTION = YES;
				GCC_WARN_UNUSED_VARIABLE = YES;
				MACOSX_DEPLOYMENT_TARGET = 11.6;
				MTL_ENABLE_DEBUG_INFO = NO;
				MTL_FAST_MATH = YES;
				SDKROOT = macosx;
				SWIFT_COMPILATION_MODE = wholemodule;
				SWIFT_OPTIMIZATION_LEVEL = "-O";
			};
			name = Release;
		};
		DAAB1B7A27547A4000D2495F /* Debug */ = {
			isa = XCBuildConfiguration;
			buildSettings = {
				ASSETCATALOG_COMPILER_APPICON_NAME = AppIcon;
				ASSETCATALOG_COMPILER_GLOBAL_ACCENT_COLOR_NAME = AccentColor;
				CODE_SIGN_ENTITLEMENTS = Kabegami/Kabegami.entitlements;
				CODE_SIGN_STYLE = Automatic;
				COMBINE_HIDPI_IMAGES = YES;
				CURRENT_PROJECT_VERSION = 2;
				DEVELOPMENT_TEAM = 7GEB3UCDV7;
				ENABLE_HARDENED_RUNTIME = YES;
				GENERATE_INFOPLIST_FILE = YES;
				INFOPLIST_FILE = Kabegami/Info.plist;
				INFOPLIST_KEY_LSApplicationCategoryType = "public.app-category.entertainment";
				INFOPLIST_KEY_NSHumanReadableCopyright = "";
				INFOPLIST_KEY_NSPrincipalClass = NSApplication;
				LD_RUNPATH_SEARCH_PATHS = (
					"$(inherited)",
					"@executable_path/../Frameworks",
				);
				MARKETING_VERSION = 1.0;
				PRODUCT_BUNDLE_IDENTIFIER = io.vito.Kabegami;
				PRODUCT_NAME = "$(TARGET_NAME)";
				SWIFT_EMIT_LOC_STRINGS = YES;
				SWIFT_VERSION = 5.0;
			};
			name = Debug;
		};
		DAAB1B7B27547A4000D2495F /* Release */ = {
			isa = XCBuildConfiguration;
			buildSettings = {
				ASSETCATALOG_COMPILER_APPICON_NAME = AppIcon;
				ASSETCATALOG_COMPILER_GLOBAL_ACCENT_COLOR_NAME = AccentColor;
				CODE_SIGN_ENTITLEMENTS = Kabegami/Kabegami.entitlements;
				CODE_SIGN_STYLE = Automatic;
				COMBINE_HIDPI_IMAGES = YES;
				CURRENT_PROJECT_VERSION = 2;
				DEVELOPMENT_TEAM = 7GEB3UCDV7;
				ENABLE_HARDENED_RUNTIME = YES;
				GENERATE_INFOPLIST_FILE = YES;
				INFOPLIST_FILE = Kabegami/Info.plist;
				INFOPLIST_KEY_LSApplicationCategoryType = "public.app-category.entertainment";
				INFOPLIST_KEY_NSHumanReadableCopyright = "";
				INFOPLIST_KEY_NSPrincipalClass = NSApplication;
				LD_RUNPATH_SEARCH_PATHS = (
					"$(inherited)",
					"@executable_path/../Frameworks",
				);
				MARKETING_VERSION = 1.0;
				PRODUCT_BUNDLE_IDENTIFIER = io.vito.Kabegami;
				PRODUCT_NAME = "$(TARGET_NAME)";
				SWIFT_EMIT_LOC_STRINGS = YES;
				SWIFT_VERSION = 5.0;
			};
			name = Release;
		};
/* End XCBuildConfiguration section */

/* Begin XCConfigurationList section */
		DAAB1B6527547A3D00D2495F /* Build configuration list for PBXProject "Kabegami" */ = {
			isa = XCConfigurationList;
			buildConfigurations = (
				DAAB1B7727547A4000D2495F /* Debug */,
				DAAB1B7827547A4000D2495F /* Release */,
			);
			defaultConfigurationIsVisible = 0;
			defaultConfigurationName = Release;
		};
		DAAB1B7927547A4000D2495F /* Build configuration list for PBXNativeTarget "Kabegami" */ = {
			isa = XCConfigurationList;
			buildConfigurations = (
				DAAB1B7A27547A4000D2495F /* Debug */,
				DAAB1B7B27547A4000D2495F /* Release */,
			);
			defaultConfigurationIsVisible = 0;
			defaultConfigurationName = Release;
		};
/* End XCConfigurationList section */
	};
	rootObject = DAAB1B6227547A3D00D2495F /* Project object */;
}
